
Microsoft Visual Studio Solution File, Format Version 12.00
# Visual Studio 15
VisualStudioVersion = 15.0.27130.2010
MinimumVisualStudioVersion = 10.0.40219.1
Project("{FAE04EC0-301F-11D3-BF4B-00C04F79EFBC}") = "VattenMedia", "VattenMedia\VattenMedia.csproj", "{606901CA-62CB-4F3B-9970-A4D5E43F0464}"
EndProject
Project("{9A19103F-16F7-4668-BE54-9A1E7A4F7556}") = "VattenMedia.Infrastructure", "VattenMedia.Infrastructure\VattenMedia.Infrastructure.csproj", "{2913E22A-731E-4578-90A6-01986ED703F2}"
EndProject
Project("{9A19103F-16F7-4668-BE54-9A1E7A4F7556}") = "VattenMedia.Core", "VattenMedia.Core\VattenMedia.Core.csproj", "{4614ABB7-504A-4D8C-9C1C-5A4F22ED8BC4}"
EndProject
Global
	GlobalSection(SolutionConfigurationPlatforms) = preSolution
		Debug|Any CPU = Debug|Any CPU
		Release|Any CPU = Release|Any CPU
	EndGlobalSection
	GlobalSection(ProjectConfigurationPlatforms) = postSolution
		{606901CA-62CB-4F3B-9970-A4D5E43F0464}.Debug|Any CPU.ActiveCfg = Debug|Any CPU
		{606901CA-62CB-4F3B-9970-A4D5E43F0464}.Debug|Any CPU.Build.0 = Debug|Any CPU
		{606901CA-62CB-4F3B-9970-A4D5E43F0464}.Release|Any CPU.ActiveCfg = Release|Any CPU
		{606901CA-62CB-4F3B-9970-A4D5E43F0464}.Release|Any CPU.Build.0 = Release|Any CPU
		{2913E22A-731E-4578-90A6-01986ED703F2}.Debug|Any CPU.ActiveCfg = Debug|Any CPU
		{2913E22A-731E-4578-90A6-01986ED703F2}.Debug|Any CPU.Build.0 = Debug|Any CPU
		{2913E22A-731E-4578-90A6-01986ED703F2}.Release|Any CPU.ActiveCfg = Release|Any CPU
		{2913E22A-731E-4578-90A6-01986ED703F2}.Release|Any CPU.Build.0 = Release|Any CPU
		{4614ABB7-504A-4D8C-9C1C-5A4F22ED8BC4}.Debug|Any CPU.ActiveCfg = Debug|Any CPU
		{4614ABB7-504A-4D8C-9C1C-5A4F22ED8BC4}.Debug|Any CPU.Build.0 = Debug|Any CPU
		{4614ABB7-504A-4D8C-9C1C-5A4F22ED8BC4}.Release|Any CPU.ActiveCfg = Release|Any CPU
		{4614ABB7-504A-4D8C-9C1C-5A4F22ED8BC4}.Release|Any CPU.Build.0 = Release|Any CPU
	EndGlobalSection
	GlobalSection(SolutionProperties) = preSolution
		HideSolutionNode = FALSE
	EndGlobalSection
	GlobalSection(ExtensibilityGlobals) = postSolution
		SolutionGuid = {DA577A46-E494-4700-A255-6F44C9EDF034}
	EndGlobalSection
EndGlobal
