
Microsoft Visual Studio Solution File, Format Version 12.00
# Visual Studio Version 16
VisualStudioVersion = 16.0.29519.87
MinimumVisualStudioVersion = 10.0.40219.1
Project("{9A19103F-16F7-4668-BE54-9A1E7A4F7556}") = "VattenMedia.Infrastructure", "VattenMedia.Infrastructure\VattenMedia.Infrastructure.csproj", "{2913E22A-731E-4578-90A6-01986ED703F2}"
EndProject
Project("{9A19103F-16F7-4668-BE54-9A1E7A4F7556}") = "VattenMedia.Core", "VattenMedia.Core\VattenMedia.Core.csproj", "{4A8FAA88-6509-44DA-8E99-331473C3BC44}"
EndProject
Project("{FAE04EC0-301F-11D3-BF4B-00C04F79EFBC}") = "VattenMedia", "VattenMedia\VattenMedia.csproj", "{F7708264-7262-4A8D-86F5-907AAB8D0EF6}"
EndProject
Global
	GlobalSection(SolutionConfigurationPlatforms) = preSolution
		Debug|Any CPU = Debug|Any CPU
		Release|Any CPU = Release|Any CPU
	EndGlobalSection
	GlobalSection(ProjectConfigurationPlatforms) = postSolution
		{2913E22A-731E-4578-90A6-01986ED703F2}.Debug|Any CPU.ActiveCfg = Debug|Any CPU
		{2913E22A-731E-4578-90A6-01986ED703F2}.Debug|Any CPU.Build.0 = Debug|Any CPU
		{2913E22A-731E-4578-90A6-01986ED703F2}.Release|Any CPU.ActiveCfg = Release|Any CPU
		{2913E22A-731E-4578-90A6-01986ED703F2}.Release|Any CPU.Build.0 = Release|Any CPU
		{4A8FAA88-6509-44DA-8E99-331473C3BC44}.Debug|Any CPU.ActiveCfg = Debug|Any CPU
		{4A8FAA88-6509-44DA-8E99-331473C3BC44}.Debug|Any CPU.Build.0 = Debug|Any CPU
		{4A8FAA88-6509-44DA-8E99-331473C3BC44}.Release|Any CPU.ActiveCfg = Release|Any CPU
		{4A8FAA88-6509-44DA-8E99-331473C3BC44}.Release|Any CPU.Build.0 = Release|Any CPU
		{F7708264-7262-4A8D-86F5-907AAB8D0EF6}.Debug|Any CPU.ActiveCfg = Debug|Any CPU
		{F7708264-7262-4A8D-86F5-907AAB8D0EF6}.Debug|Any CPU.Build.0 = Debug|Any CPU
		{F7708264-7262-4A8D-86F5-907AAB8D0EF6}.Release|Any CPU.ActiveCfg = Release|Any CPU
		{F7708264-7262-4A8D-86F5-907AAB8D0EF6}.Release|Any CPU.Build.0 = Release|Any CPU
	EndGlobalSection
	GlobalSection(SolutionProperties) = preSolution
		HideSolutionNode = FALSE
	EndGlobalSection
	GlobalSection(ExtensibilityGlobals) = postSolution
		SolutionGuid = {DA577A46-E494-4700-A255-6F44C9EDF034}
	EndGlobalSection
EndGlobal
